{
  "name": "fctx demo",
  "version": "2.0.0",
  "lockfileVersion": 1,
  "requires": true,
  "dependencies": {
    "pebble-fctx": {
      "version": "1.6.2",
      "resolved": "https://registry.npmjs.org/pebble-fctx/-/pebble-fctx-1.6.2.tgz",
      "integrity": "sha512-eNpDWn/10Y4Uq5sgrkJUPh4P3FOJ81UDeBXNrVZjHvFaxXepmLMHpkEvViQ/Z+XW5u6Y3MhvmKPbUYGsp0UTSw==",
      "requires": {
        "pebble-utf8": "^1.0.1"
      }
    },
    "pebble-utf8": {
      "version": "1.0.1",
      "resolved": "https://registry.npmjs.org/pebble-utf8/-/pebble-utf8-1.0.1.tgz",
      "integrity": "sha512-sJFM4DCbF1HNiPn7Kh2QaJKQyaEEtGOChmGpsOxRdxCkcNjdUvI/ITnvxnL36zStpUCfMiraAN2IHIG8NXhoIw=="
    }
  }
}
